
Microsoft Visual Studio Solution File, Format Version 12.00
# Visual Studio Version 17
VisualStudioVersion = 17.12.35527.113 d17.12
MinimumVisualStudioVersion = 10.0.40219.1
Project("{FAE04EC0-301F-11D3-BF4B-00C04F79EFBC}") = "CleanAPI", "CleanAPI\CleanAPI.csproj", "{DCDF2CE9-297C-4F03-9A69-F928A0C09E79}"
EndProject
Project("{FAE04EC0-301F-11D3-BF4B-00C04F79EFBC}") = "CleanAPI.Application", "CleanAPI.Application\CleanAPI.Application.csproj", "{D291D909-BD45-4FE5-9E6C-48DDEB9B683F}"
EndProject
Project("{FAE04EC0-301F-11D3-BF4B-00C04F79EFBC}") = "CleanAPI.Core", "CleanAPI.Core\CleanAPI.Core.csproj", "{410F80C1-B6FB-4656-9CEE-2822498731EE}"
EndProject
Project("{FAE04EC0-301F-11D3-BF4B-00C04F79EFBC}") = "CleanAPI.Infrastructure", "CleanAPI.Infrastructure\CleanAPI.Infrastructure.csproj", "{E99194A7-33D7-40BC-B4C1-D93733A81A3F}"
EndProject
Global
	GlobalSection(SolutionConfigurationPlatforms) = preSolution
		Debug|Any CPU = Debug|Any CPU
		Release|Any CPU = Release|Any CPU
	EndGlobalSection
	GlobalSection(ProjectConfigurationPlatforms) = postSolution
		{DCDF2CE9-297C-4F03-9A69-F928A0C09E79}.Debug|Any CPU.ActiveCfg = Debug|Any CPU
		{DCDF2CE9-297C-4F03-9A69-F928A0C09E79}.Debug|Any CPU.Build.0 = Debug|Any CPU
		{DCDF2CE9-297C-4F03-9A69-F928A0C09E79}.Release|Any CPU.ActiveCfg = Release|Any CPU
		{DCDF2CE9-297C-4F03-9A69-F928A0C09E79}.Release|Any CPU.Build.0 = Release|Any CPU
		{D291D909-BD45-4FE5-9E6C-48DDEB9B683F}.Debug|Any CPU.ActiveCfg = Debug|Any CPU
		{D291D909-BD45-4FE5-9E6C-48DDEB9B683F}.Debug|Any CPU.Build.0 = Debug|Any CPU
		{D291D909-BD45-4FE5-9E6C-48DDEB9B683F}.Release|Any CPU.ActiveCfg = Release|Any CPU
		{D291D909-BD45-4FE5-9E6C-48DDEB9B683F}.Release|Any CPU.Build.0 = Release|Any CPU
		{410F80C1-B6FB-4656-9CEE-2822498731EE}.Debug|Any CPU.ActiveCfg = Debug|Any CPU
		{410F80C1-B6FB-4656-9CEE-2822498731EE}.Debug|Any CPU.Build.0 = Debug|Any CPU
		{410F80C1-B6FB-4656-9CEE-2822498731EE}.Release|Any CPU.ActiveCfg = Release|Any CPU
		{410F80C1-B6FB-4656-9CEE-2822498731EE}.Release|Any CPU.Build.0 = Release|Any CPU
		{E99194A7-33D7-40BC-B4C1-D93733A81A3F}.Debug|Any CPU.ActiveCfg = Debug|Any CPU
		{E99194A7-33D7-40BC-B4C1-D93733A81A3F}.Debug|Any CPU.Build.0 = Debug|Any CPU
		{E99194A7-33D7-40BC-B4C1-D93733A81A3F}.Release|Any CPU.ActiveCfg = Release|Any CPU
		{E99194A7-33D7-40BC-B4C1-D93733A81A3F}.Release|Any CPU.Build.0 = Release|Any CPU
	EndGlobalSection
	GlobalSection(SolutionProperties) = preSolution
		HideSolutionNode = FALSE
	EndGlobalSection
EndGlobal
